
Microsoft Visual Studio Solution File, Format Version 12.00
# Visual Studio Version 17
VisualStudioVersion = 17.1.32421.90
MinimumVisualStudioVersion = 10.0.40219.1
Project("{9A19103F-16F7-4668-BE54-9A1E7A4F7556}") = "Api.Beer", "api.beer\Api.Beer.csproj", "{887E9779-B50F-4E18-9EEC-A66ECC806B83}"
EndProject
Project("{9A19103F-16F7-4668-BE54-9A1E7A4F7556}") = "ClassLibrary", "classlibrary\ClassLibrary.csproj", "{647D8B73-C638-4E24-AA33-6FD1A6288EA3}"
EndProject
Project("{9A19103F-16F7-4668-BE54-9A1E7A4F7556}") = "DataStore", "datastore\DataStore.csproj", "{D31616B4-3F5F-4B9A-964A-6A62213921D4}"
EndProject
Project("{FAE04EC0-301F-11D3-BF4B-00C04F79EFBC}") = "Utilities", "Utilities\Utilities.csproj", "{7A8466F6-F4C3-4FC6-9A3F-7B549FCC897D}"
EndProject
Project("{FAE04EC0-301F-11D3-BF4B-00C04F79EFBC}") = "Logic", "Logic\Logic.csproj", "{2EDF64FF-7790-486E-8B9E-CED7B601F037}"
EndProject
Project("{FAE04EC0-301F-11D3-BF4B-00C04F79EFBC}") = "Test", "test\Test.csproj", "{1440A5BC-3642-4DC7-86EF-D90481745729}"
EndProject
Global
	GlobalSection(SolutionConfigurationPlatforms) = preSolution
		Debug|Any CPU = Debug|Any CPU
		Release|Any CPU = Release|Any CPU
	EndGlobalSection
	GlobalSection(ProjectConfigurationPlatforms) = postSolution
		{887E9779-B50F-4E18-9EEC-A66ECC806B83}.Debug|Any CPU.ActiveCfg = Debug|Any CPU
		{887E9779-B50F-4E18-9EEC-A66ECC806B83}.Debug|Any CPU.Build.0 = Debug|Any CPU
		{887E9779-B50F-4E18-9EEC-A66ECC806B83}.Release|Any CPU.ActiveCfg = Release|Any CPU
		{887E9779-B50F-4E18-9EEC-A66ECC806B83}.Release|Any CPU.Build.0 = Release|Any CPU
		{647D8B73-C638-4E24-AA33-6FD1A6288EA3}.Debug|Any CPU.ActiveCfg = Debug|Any CPU
		{647D8B73-C638-4E24-AA33-6FD1A6288EA3}.Debug|Any CPU.Build.0 = Debug|Any CPU
		{647D8B73-C638-4E24-AA33-6FD1A6288EA3}.Release|Any CPU.ActiveCfg = Release|Any CPU
		{647D8B73-C638-4E24-AA33-6FD1A6288EA3}.Release|Any CPU.Build.0 = Release|Any CPU
		{D31616B4-3F5F-4B9A-964A-6A62213921D4}.Debug|Any CPU.ActiveCfg = Debug|Any CPU
		{D31616B4-3F5F-4B9A-964A-6A62213921D4}.Debug|Any CPU.Build.0 = Debug|Any CPU
		{D31616B4-3F5F-4B9A-964A-6A62213921D4}.Release|Any CPU.ActiveCfg = Release|Any CPU
		{D31616B4-3F5F-4B9A-964A-6A62213921D4}.Release|Any CPU.Build.0 = Release|Any CPU
		{7A8466F6-F4C3-4FC6-9A3F-7B549FCC897D}.Debug|Any CPU.ActiveCfg = Debug|Any CPU
		{7A8466F6-F4C3-4FC6-9A3F-7B549FCC897D}.Debug|Any CPU.Build.0 = Debug|Any CPU
		{7A8466F6-F4C3-4FC6-9A3F-7B549FCC897D}.Release|Any CPU.ActiveCfg = Release|Any CPU
		{7A8466F6-F4C3-4FC6-9A3F-7B549FCC897D}.Release|Any CPU.Build.0 = Release|Any CPU
		{2EDF64FF-7790-486E-8B9E-CED7B601F037}.Debug|Any CPU.ActiveCfg = Debug|Any CPU
		{2EDF64FF-7790-486E-8B9E-CED7B601F037}.Debug|Any CPU.Build.0 = Debug|Any CPU
		{2EDF64FF-7790-486E-8B9E-CED7B601F037}.Release|Any CPU.ActiveCfg = Release|Any CPU
		{2EDF64FF-7790-486E-8B9E-CED7B601F037}.Release|Any CPU.Build.0 = Release|Any CPU
		{1440A5BC-3642-4DC7-86EF-D90481745729}.Debug|Any CPU.ActiveCfg = Debug|Any CPU
		{1440A5BC-3642-4DC7-86EF-D90481745729}.Debug|Any CPU.Build.0 = Debug|Any CPU
		{1440A5BC-3642-4DC7-86EF-D90481745729}.Release|Any CPU.ActiveCfg = Release|Any CPU
		{1440A5BC-3642-4DC7-86EF-D90481745729}.Release|Any CPU.Build.0 = Release|Any CPU
	EndGlobalSection
	GlobalSection(SolutionProperties) = preSolution
		HideSolutionNode = FALSE
	EndGlobalSection
	GlobalSection(ExtensibilityGlobals) = postSolution
		SolutionGuid = {1443AB43-D5AB-47DF-8AE5-F22BE2C6358E}
	EndGlobalSection
EndGlobal
