
Microsoft Visual Studio Solution File, Format Version 12.00
# Visual Studio Version 17
VisualStudioVersion = 17.1.32421.90
MinimumVisualStudioVersion = 10.0.40219.1
Project("{FAE04EC0-301F-11D3-BF4B-00C04F79EFBC}") = "Api.Beer", "api.beer\Api.Beer.csproj", "{887E9779-B50F-4E18-9EEC-A66ECC806B83}"
EndProject
Project("{FAE04EC0-301F-11D3-BF4B-00C04F79EFBC}") = "ClassLibrary", "classlibrary\ClassLibrary.csproj", "{647D8B73-C638-4E24-AA33-6FD1A6288EA3}"
EndProject
Project("{FAE04EC0-301F-11D3-BF4B-00C04F79EFBC}") = "DataStore", "datastore\DataStore.csproj", "{D31616B4-3F5F-4B9A-964A-6A62213921D4}"
EndProject
Global
	GlobalSection(SolutionConfigurationPlatforms) = preSolution
		Debug|Any CPU = Debug|Any CPU
		Release|Any CPU = Release|Any CPU
	EndGlobalSection
	GlobalSection(ProjectConfigurationPlatforms) = postSolution
		{887E9779-B50F-4E18-9EEC-A66ECC806B83}.Debug|Any CPU.ActiveCfg = Debug|Any CPU
		{887E9779-B50F-4E18-9EEC-A66ECC806B83}.Debug|Any CPU.Build.0 = Debug|Any CPU
		{887E9779-B50F-4E18-9EEC-A66ECC806B83}.Release|Any CPU.ActiveCfg = Release|Any CPU
		{887E9779-B50F-4E18-9EEC-A66ECC806B83}.Release|Any CPU.Build.0 = Release|Any CPU
		{647D8B73-C638-4E24-AA33-6FD1A6288EA3}.Debug|Any CPU.ActiveCfg = Debug|Any CPU
		{647D8B73-C638-4E24-AA33-6FD1A6288EA3}.Debug|Any CPU.Build.0 = Debug|Any CPU
		{647D8B73-C638-4E24-AA33-6FD1A6288EA3}.Release|Any CPU.ActiveCfg = Release|Any CPU
		{647D8B73-C638-4E24-AA33-6FD1A6288EA3}.Release|Any CPU.Build.0 = Release|Any CPU
		{D31616B4-3F5F-4B9A-964A-6A62213921D4}.Debug|Any CPU.ActiveCfg = Debug|Any CPU
		{D31616B4-3F5F-4B9A-964A-6A62213921D4}.Debug|Any CPU.Build.0 = Debug|Any CPU
		{D31616B4-3F5F-4B9A-964A-6A62213921D4}.Release|Any CPU.ActiveCfg = Release|Any CPU
		{D31616B4-3F5F-4B9A-964A-6A62213921D4}.Release|Any CPU.Build.0 = Release|Any CPU
	EndGlobalSection
	GlobalSection(SolutionProperties) = preSolution
		HideSolutionNode = FALSE
	EndGlobalSection
	GlobalSection(ExtensibilityGlobals) = postSolution
		SolutionGuid = {1443AB43-D5AB-47DF-8AE5-F22BE2C6358E}
	EndGlobalSection
EndGlobal
